
Microsoft Visual Studio Solution File, Format Version 12.00
# Visual Studio Version 17
VisualStudioVersion = 17.1.32210.238
MinimumVisualStudioVersion = 10.0.40219.1
Project("{FAE04EC0-301F-11D3-BF4B-00C04F79EFBC}") = "DependencyInjection", "DependencyInjection\DependencyInjection.csproj", "{AE8AFD42-DC5E-4922-8B11-52EE455D9DD3}"
EndProject
Global
	GlobalSection(SolutionConfigurationPlatforms) = preSolution
		Debug|Any CPU = Debug|Any CPU
		Release|Any CPU = Release|Any CPU
	EndGlobalSection
	GlobalSection(ProjectConfigurationPlatforms) = postSolution
		{AE8AFD42-DC5E-4922-8B11-52EE455D9DD3}.Debug|Any CPU.ActiveCfg = Debug|Any CPU
		{AE8AFD42-DC5E-4922-8B11-52EE455D9DD3}.Debug|Any CPU.Build.0 = Debug|Any CPU
		{AE8AFD42-DC5E-4922-8B11-52EE455D9DD3}.Release|Any CPU.ActiveCfg = Release|Any CPU
		{AE8AFD42-DC5E-4922-8B11-52EE455D9DD3}.Release|Any CPU.Build.0 = Release|Any CPU
	EndGlobalSection
	GlobalSection(SolutionProperties) = preSolution
		HideSolutionNode = FALSE
	EndGlobalSection
	GlobalSection(ExtensibilityGlobals) = postSolution
		SolutionGuid = {F60E68BE-5956-41C1-92D4-98B72366117B}
	EndGlobalSection
EndGlobal
